{
  "name": "@mizunie/compare-pdf",
  "version": "1.0.0",
  "lockfileVersion": 3,
  "requires": true,
  "packages": {
    "": {
      "name": "@mizunie/compare-pdf",
      "version": "1.0.0",
      "license": "MIT",
      "dependencies": {
        "@daranix/pdf-to-image-test": "^1.0.6",
        "pixelmatch": "^7.1.0",
        "pngjs": "^7.0.0"
      },
      "devDependencies": {
        "@types/node": "^24.3.1",
        "@types/pixelmatch": "^5.2.6",
        "@types/pngjs": "^6.0.5",
        "typescript": "^5.9.2"
      }
    },
    "node_modules/@daranix/pdf-to-image-test": {
      "version": "1.0.6",
      "resolved": "https://registry.npmjs.org/@daranix/pdf-to-image-test/-/pdf-to-image-test-1.0.6.tgz",
      "integrity": "sha512-29WPt3cCUd4KIS+zz37QBitzOkEeGyE6zXFxXrOM5nonqUDWyr9vPa88hKaSeOJucOY1D2nHW7/MOMVThDmJpg==",
      "license": "AGPL-3.0-or-later",
      "dependencies": {
        "mupdf": "^0.1.1",
        "wasm-vips": "^0.0.7"
      }
    },
    "node_modules/@types/node": {
      "version": "24.3.1",
      "resolved": "https://registry.npmjs.org/@types/node/-/node-24.3.1.tgz",
      "integrity": "sha512-3vXmQDXy+woz+gnrTvuvNrPzekOi+Ds0ReMxw0LzBiK3a+1k0kQn9f2NWk+lgD4rJehFUmYy2gMhJ2ZI+7YP9g==",
      "dev": true,
      "license": "MIT",
      "dependencies": {
        "undici-types": "~7.10.0"
      }
    },
    "node_modules/@types/pixelmatch": {
      "version": "5.2.6",
      "resolved": "https://registry.npmjs.org/@types/pixelmatch/-/pixelmatch-5.2.6.tgz",
      "integrity": "sha512-wC83uexE5KGuUODn6zkm9gMzTwdY5L0chiK+VrKcDfEjzxh1uadlWTvOmAbCpnM9zx/Ww3f8uKlYQVnO/TrqVg==",
      "dev": true,
      "license": "MIT",
      "dependencies": {
        "@types/node": "*"
      }
    },
    "node_modules/@types/pngjs": {
      "version": "6.0.5",
      "resolved": "https://registry.npmjs.org/@types/pngjs/-/pngjs-6.0.5.tgz",
      "integrity": "sha512-0k5eKfrA83JOZPppLtS2C7OUtyNAl2wKNxfyYl9Q5g9lPkgBl/9hNyAu6HuEH2J4XmIv2znEpkDd0SaZVxW6iQ==",
      "dev": true,
      "license": "MIT",
      "dependencies": {
        "@types/node": "*"
      }
    },
    "node_modules/mupdf": {
      "version": "0.1.3",
      "resolved": "https://registry.npmjs.org/mupdf/-/mupdf-0.1.3.tgz",
      "integrity": "sha512-/4r6Hvzr20hQQR7hZmVOrMB+KEmTamY1nWVZEQ86yBogOUYXgBLf/t3jnSyh3XISR0MVEUNZXx4w30iF4r+Ehw==",
      "license": "AGPL-3.0-or-later"
    },
    "node_modules/pixelmatch": {
      "version": "7.1.0",
      "resolved": "https://registry.npmjs.org/pixelmatch/-/pixelmatch-7.1.0.tgz",
      "integrity": "sha512-1wrVzJ2STrpmONHKBy228LM1b84msXDUoAzVEl0R8Mz4Ce6EPr+IVtxm8+yvrqLYMHswREkjYFaMxnyGnaY3Ng==",
      "license": "ISC",
      "dependencies": {
        "pngjs": "^7.0.0"
      },
      "bin": {
        "pixelmatch": "bin/pixelmatch"
      }
    },
    "node_modules/pngjs": {
      "version": "7.0.0",
      "resolved": "https://registry.npmjs.org/pngjs/-/pngjs-7.0.0.tgz",
      "integrity": "sha512-LKWqWJRhstyYo9pGvgor/ivk2w94eSjE3RGVuzLGlr3NmD8bf7RcYGze1mNdEHRP6TRP6rMuDHk5t44hnTRyow==",
      "license": "MIT",
      "engines": {
        "node": ">=14.19.0"
      }
    },
    "node_modules/typescript": {
      "version": "5.9.2",
      "resolved": "https://registry.npmjs.org/typescript/-/typescript-5.9.2.tgz",
      "integrity": "sha512-CWBzXQrc/qOkhidw1OzBTQuYRbfyxDXJMVJ1XNwUHGROVmuaeiEm3OslpZ1RV96d7SKKjZKrSJu3+t/xlw3R9A==",
      "dev": true,
      "license": "Apache-2.0",
      "bin": {
        "tsc": "bin/tsc",
        "tsserver": "bin/tsserver"
      },
      "engines": {
        "node": ">=14.17"
      }
    },
    "node_modules/undici-types": {
      "version": "7.10.0",
      "resolved": "https://registry.npmjs.org/undici-types/-/undici-types-7.10.0.tgz",
      "integrity": "sha512-t5Fy/nfn+14LuOc2KNYg75vZqClpAiqscVvMygNnlsHBFpSXdJaYtXMcdNLpl/Qvc3P2cB3s6lOV51nqsFq4ag==",
      "dev": true,
      "license": "MIT"
    },
    "node_modules/wasm-vips": {
      "version": "0.0.7",
      "resolved": "https://registry.npmjs.org/wasm-vips/-/wasm-vips-0.0.7.tgz",
      "integrity": "sha512-5KPwNNRE3GN+Ipb12ce8ArKrB5rgqwRtIiBOIQg/h7gW5TZuAzfPgkSUpGSX0f9br6VQD4Sj+2nXHr++wY0cFQ==",
      "license": "MIT",
      "engines": {
        "node": ">=16.4.0"
      }
    }
  }
}
